{
  "pins" : [
    {
      "identity" : "stats-sdk-objc",
      "kind" : "remoteSourceControl",
      "location" : "https://github.com/muxinc/stats-sdk-objc.git",
      "state" : {
        "revision" : "a1f6cf4e20e71257c8657bbbff1ac9771bb39a52",
        "version" : "4.5.2"
      }
    },
    {
      "identity" : "theoplayer-sdk-ios",
      "kind" : "remoteSourceControl",
      "location" : "https://github.com/THEOplayer/theoplayer-sdk-ios.git",
      "state" : {
        "revision" : "bace7c8ed1ca99fc00490d16c06aedf6e0216ee6",
        "version" : "6.13.0"
      }
    }
  ],
  "version" : 2
}
