{
  "pins" : [
    {
      "identity" : "stats-sdk-objc",
      "kind" : "remoteSourceControl",
      "location" : "https://github.com/muxinc/stats-sdk-objc.git",
      "state" : {
        "revision" : "a1f6cf4e20e71257c8657bbbff1ac9771bb39a52",
        "version" : "4.5.2"
      }
    },
    {
      "identity" : "theoplayer-sdk-ios",
      "kind" : "remoteSourceControl",
      "location" : "https://github.com/THEOplayer/theoplayer-sdk-ios.git",
      "state" : {
        "revision" : "0017ea9cdff100ffa330d210da6acec728d8c8cc",
        "version" : "7.1.1"
      }
    }
  ],
  "version" : 2
}
